{
  "nodes": {
    "dotfiles_imper": {
      "flake": false,
      "locked": {
        "lastModified": 1750363770,
        "narHash": "sha256-Cf7a3evhvSjt6DjolBhcByvMnqO8Ce3+adzbNC3iknk=",
        "ref": "refs/heads/mukhya",
        "rev": "398abc14970b13f16df35b95388e6e26738f470b",
        "revCount": 215,
        "type": "git",
        "url": "file:dotfiles_imper"
      },
      "original": {
        "type": "git",
        "url": "file:dotfiles_imper"
      }
    },
    "home-manager": {
      "inputs": {
        "nixpkgs": [
          "nixpkgs"
        ]
      },
      "locked": {
        "lastModified": 1750304462,
        "narHash": "sha256-Mj5t4yX05/rXnRqJkpoLZTWqgStB88Mr/fegTRqyiWc=",
        "owner": "nix-community",
        "repo": "home-manager",
        "rev": "863842639722dd12ae9e37ca83bcb61a63b36f6c",
        "type": "github"
      },
      "original": {
        "owner": "nix-community",
        "repo": "home-manager",
        "type": "github"
      }
    },
    "nixpkgs": {
      "locked": {
        "lastModified": 1750134718,
        "narHash": "sha256-v263g4GbxXv87hMXMCpjkIxd/viIF7p3JpJrwgKdNiI=",
        "owner": "NixOS",
        "repo": "nixpkgs",
        "rev": "9e83b64f727c88a7711a2c463a7b16eedb69a84c",
        "type": "github"
      },
      "original": {
        "id": "nixpkgs",
        "ref": "nixos-unstable",
        "type": "indirect"
      }
    },
    "root": {
      "inputs": {
        "dotfiles_imper": "dotfiles_imper",
        "home-manager": "home-manager",
        "nixpkgs": "nixpkgs"
      }
    }
  },
  "root": "root",
  "version": 7
}
